
Microsoft Visual Studio Solution File, Format Version 12.00
# Visual Studio 14
VisualStudioVersion = 14.0.23107.0
MinimumVisualStudioVersion = 10.0.40219.1
Project("{FAE04EC0-301F-11D3-BF4B-00C04F79EFBC}") = "MusicStore", "MusicStore\MusicStore.csproj", "{067B303A-A7E3-4F58-A478-9B60B3394D4C}"
EndProject
Project("{FAE04EC0-301F-11D3-BF4B-00C04F79EFBC}") = "MusicStore.Tests", "MusicStore.Tests\MusicStore.Tests.csproj", "{E14BAAC7-A4DD-48DD-902E-7B9ABEF7779E}"
EndProject
Project("{F088123C-0E9E-452A-89E6-6BA2F21D5CAC}") = "MusicStoreUML", "MusicStoreUML\MusicStoreUML.modelproj", "{E9DBCC2D-3F8F-40B1-B3C7-6E506FFB3306}"
EndProject
Global
	GlobalSection(SolutionConfigurationPlatforms) = preSolution
		Debug|Any CPU = Debug|Any CPU
		Release|Any CPU = Release|Any CPU
	EndGlobalSection
	GlobalSection(ProjectConfigurationPlatforms) = postSolution
		{067B303A-A7E3-4F58-A478-9B60B3394D4C}.Debug|Any CPU.ActiveCfg = Debug|Any CPU
		{067B303A-A7E3-4F58-A478-9B60B3394D4C}.Debug|Any CPU.Build.0 = Debug|Any CPU
		{067B303A-A7E3-4F58-A478-9B60B3394D4C}.Release|Any CPU.ActiveCfg = Release|Any CPU
		{067B303A-A7E3-4F58-A478-9B60B3394D4C}.Release|Any CPU.Build.0 = Release|Any CPU
		{E14BAAC7-A4DD-48DD-902E-7B9ABEF7779E}.Debug|Any CPU.ActiveCfg = Debug|Any CPU
		{E14BAAC7-A4DD-48DD-902E-7B9ABEF7779E}.Debug|Any CPU.Build.0 = Debug|Any CPU
		{E14BAAC7-A4DD-48DD-902E-7B9ABEF7779E}.Release|Any CPU.ActiveCfg = Release|Any CPU
		{E14BAAC7-A4DD-48DD-902E-7B9ABEF7779E}.Release|Any CPU.Build.0 = Release|Any CPU
		{E9DBCC2D-3F8F-40B1-B3C7-6E506FFB3306}.Debug|Any CPU.ActiveCfg = Debug|Any CPU
		{E9DBCC2D-3F8F-40B1-B3C7-6E506FFB3306}.Debug|Any CPU.Build.0 = Debug|Any CPU
		{E9DBCC2D-3F8F-40B1-B3C7-6E506FFB3306}.Release|Any CPU.ActiveCfg = Release|Any CPU
		{E9DBCC2D-3F8F-40B1-B3C7-6E506FFB3306}.Release|Any CPU.Build.0 = Release|Any CPU
	EndGlobalSection
	GlobalSection(SolutionProperties) = preSolution
		HideSolutionNode = FALSE
	EndGlobalSection
EndGlobal
